
Microsoft Visual Studio Solution File, Format Version 12.00
# Visual Studio 15
VisualStudioVersion = 15.0.28307.902
MinimumVisualStudioVersion = 10.0.40219.1
Project("{FAE04EC0-301F-11D3-BF4B-00C04F79EFBC}") = "terminal graphics", "terminal graphics\terminal graphics.csproj", "{D120E85D-76A4-45C8-99AF-A2DDA5DA9322}"
EndProject
Global
	GlobalSection(SolutionConfigurationPlatforms) = preSolution
		Debug|Any CPU = Debug|Any CPU
		Release|Any CPU = Release|Any CPU
	EndGlobalSection
	GlobalSection(ProjectConfigurationPlatforms) = postSolution
		{D120E85D-76A4-45C8-99AF-A2DDA5DA9322}.Debug|Any CPU.ActiveCfg = Debug|Any CPU
		{D120E85D-76A4-45C8-99AF-A2DDA5DA9322}.Debug|Any CPU.Build.0 = Debug|Any CPU
		{D120E85D-76A4-45C8-99AF-A2DDA5DA9322}.Release|Any CPU.ActiveCfg = Release|Any CPU
		{D120E85D-76A4-45C8-99AF-A2DDA5DA9322}.Release|Any CPU.Build.0 = Release|Any CPU
	EndGlobalSection
	GlobalSection(SolutionProperties) = preSolution
		HideSolutionNode = FALSE
	EndGlobalSection
	GlobalSection(ExtensibilityGlobals) = postSolution
		SolutionGuid = {CF4C4031-2432-483E-B30E-5E373645A90D}
	EndGlobalSection
EndGlobal
